
Microsoft Visual Studio Solution File, Format Version 12.00
# Visual Studio Version 17
VisualStudioVersion = 17.2.32526.322
MinimumVisualStudioVersion = 10.0.40219.1
Project("{9A19103F-16F7-4668-BE54-9A1E7A4F7556}") = "K-haku API", "K-haku API\K-haku API.csproj", "{828AAE23-2229-469B-AE2E-B122C4559F3C}"
EndProject
Project("{9A19103F-16F7-4668-BE54-9A1E7A4F7556}") = "K-haku.Core.Movie", "MovieList\K-haku.Core.Movie.csproj", "{443745E6-3058-4A4D-93F7-281C0727033A}"
EndProject
Project("{9A19103F-16F7-4668-BE54-9A1E7A4F7556}") = "Test", "Test\Test.csproj", "{00F03F41-2DF1-40CA-B8B5-756679E657E3}"
EndProject
Project("{2150E333-8FDC-42A3-9474-1A3956D46DE8}") = "Source", "Source", "{FBA99BCD-8E67-44AC-8136-81F3F384EACF}"
EndProject
Project("{2150E333-8FDC-42A3-9474-1A3956D46DE8}") = "Core", "Core", "{36C354AF-0ADB-4338-93E6-89A79BF24E65}"
EndProject
Project("{9A19103F-16F7-4668-BE54-9A1E7A4F7556}") = "K-haku.Core.Application", "K-haku.Core.Application\K-haku.Core.Application.csproj", "{225F687F-68C6-4A8C-AC38-33656CCADF1A}"
EndProject
Project("{2150E333-8FDC-42A3-9474-1A3956D46DE8}") = "Infraestructure", "Infraestructure", "{EFC17502-BB8A-4673-ABB9-06059780B6DF}"
EndProject
Project("{2150E333-8FDC-42A3-9474-1A3956D46DE8}") = "Presentation", "Presentation", "{7CBF97F6-C7CC-47E6-9D0E-3BAEC4A4AA53}"
EndProject
Project("{2150E333-8FDC-42A3-9474-1A3956D46DE8}") = "WebAPI", "WebAPI", "{BE0FA808-F09C-4FE3-9E58-C757C4755057}"
EndProject
Project("{2150E333-8FDC-42A3-9474-1A3956D46DE8}") = "Backend", "Backend", "{6CA64E30-27A6-44DE-AF9F-5D8E30264CBF}"
EndProject
Project("{9A19103F-16F7-4668-BE54-9A1E7A4F7556}") = "K-haku Backend", "K-haku Backend\K-haku Backend.csproj", "{31B89FA4-C85E-4A2D-B611-8004B5D2AB1E}"
EndProject
Project("{FAE04EC0-301F-11D3-BF4B-00C04F79EFBC}") = "K-haku.Core.Domain", "K-haku.Core.Domain\K-haku.Core.Domain.csproj", "{2239F896-4DC5-41F0-9DA0-B8F9345A171D}"
EndProject
Project("{FAE04EC0-301F-11D3-BF4B-00C04F79EFBC}") = "K-haku.Infraestructure.Persistence", "K-haku.Infraestructure.Persistence\K-haku.Infraestructure.Persistence.csproj", "{D1B41ABA-4829-4A28-8D6E-51208DA067DD}"
EndProject
Project("{FAE04EC0-301F-11D3-BF4B-00C04F79EFBC}") = "K-haku.Infraestructure.Shared", "K-haku.Infraestructure.Shared\K-haku.Infraestructure.Shared.csproj", "{7C05879D-0F55-4607-BC53-A05F89DAB28F}"
EndProject
Global
	GlobalSection(SolutionConfigurationPlatforms) = preSolution
		Debug|Any CPU = Debug|Any CPU
		Release|Any CPU = Release|Any CPU
	EndGlobalSection
	GlobalSection(ProjectConfigurationPlatforms) = postSolution
		{828AAE23-2229-469B-AE2E-B122C4559F3C}.Debug|Any CPU.ActiveCfg = Debug|Any CPU
		{828AAE23-2229-469B-AE2E-B122C4559F3C}.Debug|Any CPU.Build.0 = Debug|Any CPU
		{828AAE23-2229-469B-AE2E-B122C4559F3C}.Release|Any CPU.ActiveCfg = Release|Any CPU
		{828AAE23-2229-469B-AE2E-B122C4559F3C}.Release|Any CPU.Build.0 = Release|Any CPU
		{443745E6-3058-4A4D-93F7-281C0727033A}.Debug|Any CPU.ActiveCfg = Debug|Any CPU
		{443745E6-3058-4A4D-93F7-281C0727033A}.Debug|Any CPU.Build.0 = Debug|Any CPU
		{443745E6-3058-4A4D-93F7-281C0727033A}.Release|Any CPU.ActiveCfg = Release|Any CPU
		{443745E6-3058-4A4D-93F7-281C0727033A}.Release|Any CPU.Build.0 = Release|Any CPU
		{00F03F41-2DF1-40CA-B8B5-756679E657E3}.Debug|Any CPU.ActiveCfg = Debug|Any CPU
		{00F03F41-2DF1-40CA-B8B5-756679E657E3}.Debug|Any CPU.Build.0 = Debug|Any CPU
		{00F03F41-2DF1-40CA-B8B5-756679E657E3}.Release|Any CPU.ActiveCfg = Release|Any CPU
		{00F03F41-2DF1-40CA-B8B5-756679E657E3}.Release|Any CPU.Build.0 = Release|Any CPU
		{225F687F-68C6-4A8C-AC38-33656CCADF1A}.Debug|Any CPU.ActiveCfg = Debug|Any CPU
		{225F687F-68C6-4A8C-AC38-33656CCADF1A}.Debug|Any CPU.Build.0 = Debug|Any CPU
		{225F687F-68C6-4A8C-AC38-33656CCADF1A}.Release|Any CPU.ActiveCfg = Release|Any CPU
		{225F687F-68C6-4A8C-AC38-33656CCADF1A}.Release|Any CPU.Build.0 = Release|Any CPU
		{31B89FA4-C85E-4A2D-B611-8004B5D2AB1E}.Debug|Any CPU.ActiveCfg = Debug|Any CPU
		{31B89FA4-C85E-4A2D-B611-8004B5D2AB1E}.Debug|Any CPU.Build.0 = Debug|Any CPU
		{31B89FA4-C85E-4A2D-B611-8004B5D2AB1E}.Release|Any CPU.ActiveCfg = Release|Any CPU
		{31B89FA4-C85E-4A2D-B611-8004B5D2AB1E}.Release|Any CPU.Build.0 = Release|Any CPU
		{2239F896-4DC5-41F0-9DA0-B8F9345A171D}.Debug|Any CPU.ActiveCfg = Debug|Any CPU
		{2239F896-4DC5-41F0-9DA0-B8F9345A171D}.Debug|Any CPU.Build.0 = Debug|Any CPU
		{2239F896-4DC5-41F0-9DA0-B8F9345A171D}.Release|Any CPU.ActiveCfg = Release|Any CPU
		{2239F896-4DC5-41F0-9DA0-B8F9345A171D}.Release|Any CPU.Build.0 = Release|Any CPU
		{D1B41ABA-4829-4A28-8D6E-51208DA067DD}.Debug|Any CPU.ActiveCfg = Debug|Any CPU
		{D1B41ABA-4829-4A28-8D6E-51208DA067DD}.Debug|Any CPU.Build.0 = Debug|Any CPU
		{D1B41ABA-4829-4A28-8D6E-51208DA067DD}.Release|Any CPU.ActiveCfg = Release|Any CPU
		{D1B41ABA-4829-4A28-8D6E-51208DA067DD}.Release|Any CPU.Build.0 = Release|Any CPU
		{7C05879D-0F55-4607-BC53-A05F89DAB28F}.Debug|Any CPU.ActiveCfg = Debug|Any CPU
		{7C05879D-0F55-4607-BC53-A05F89DAB28F}.Debug|Any CPU.Build.0 = Debug|Any CPU
		{7C05879D-0F55-4607-BC53-A05F89DAB28F}.Release|Any CPU.ActiveCfg = Release|Any CPU
		{7C05879D-0F55-4607-BC53-A05F89DAB28F}.Release|Any CPU.Build.0 = Release|Any CPU
	EndGlobalSection
	GlobalSection(SolutionProperties) = preSolution
		HideSolutionNode = FALSE
	EndGlobalSection
	GlobalSection(NestedProjects) = preSolution
		{828AAE23-2229-469B-AE2E-B122C4559F3C} = {BE0FA808-F09C-4FE3-9E58-C757C4755057}
		{443745E6-3058-4A4D-93F7-281C0727033A} = {36C354AF-0ADB-4338-93E6-89A79BF24E65}
		{36C354AF-0ADB-4338-93E6-89A79BF24E65} = {FBA99BCD-8E67-44AC-8136-81F3F384EACF}
		{225F687F-68C6-4A8C-AC38-33656CCADF1A} = {36C354AF-0ADB-4338-93E6-89A79BF24E65}
		{EFC17502-BB8A-4673-ABB9-06059780B6DF} = {FBA99BCD-8E67-44AC-8136-81F3F384EACF}
		{7CBF97F6-C7CC-47E6-9D0E-3BAEC4A4AA53} = {FBA99BCD-8E67-44AC-8136-81F3F384EACF}
		{BE0FA808-F09C-4FE3-9E58-C757C4755057} = {7CBF97F6-C7CC-47E6-9D0E-3BAEC4A4AA53}
		{6CA64E30-27A6-44DE-AF9F-5D8E30264CBF} = {7CBF97F6-C7CC-47E6-9D0E-3BAEC4A4AA53}
		{31B89FA4-C85E-4A2D-B611-8004B5D2AB1E} = {6CA64E30-27A6-44DE-AF9F-5D8E30264CBF}
		{2239F896-4DC5-41F0-9DA0-B8F9345A171D} = {36C354AF-0ADB-4338-93E6-89A79BF24E65}
		{D1B41ABA-4829-4A28-8D6E-51208DA067DD} = {EFC17502-BB8A-4673-ABB9-06059780B6DF}
		{7C05879D-0F55-4607-BC53-A05F89DAB28F} = {EFC17502-BB8A-4673-ABB9-06059780B6DF}
	EndGlobalSection
	GlobalSection(ExtensibilityGlobals) = postSolution
		SolutionGuid = {3725E006-B0B4-4683-88D5-B0677CC91E0F}
	EndGlobalSection
EndGlobal
